
Microsoft Visual Studio Solution File, Format Version 12.00
# Visual Studio 14
VisualStudioVersion = 14.0.25123.0
MinimumVisualStudioVersion = 10.0.40219.1
Project("{FAE04EC0-301F-11D3-BF4B-00C04F79EFBC}") = "MaterialForms", "src\MaterialForms\MaterialForms.csproj", "{703572CE-5A7E-4B37-9F12-FF9A11483DE2}"
EndProject
Project("{FAE04EC0-301F-11D3-BF4B-00C04F79EFBC}") = "MaterialDesignThemes.Wpf", "..\MaterialDesignInXamlToolkit\MaterialDesignThemes.Wpf\MaterialDesignThemes.Wpf.csproj", "{F079FB0A-A8ED-4216-B6A5-345756751A04}"
EndProject
Project("{FAE04EC0-301F-11D3-BF4B-00C04F79EFBC}") = "MaterialDesignColors.Wpf", "..\MaterialDesignInXamlToolkit\MaterialDesignColors.Wpf\MaterialDesignColors.Wpf.csproj", "{90B53209-C60C-4655-B28D-A1B3E1044BA3}"
EndProject
Project("{FAE04EC0-301F-11D3-BF4B-00C04F79EFBC}") = "MaterialFormsDemo", "src\MaterialFormsDemo\MaterialFormsDemo.csproj", "{07DBADE7-6E0A-4431-A64A-DA7C204C724A}"
EndProject
Global
	GlobalSection(SolutionConfigurationPlatforms) = preSolution
		AppVeyor|Any CPU = AppVeyor|Any CPU
		Debug|Any CPU = Debug|Any CPU
		Release|Any CPU = Release|Any CPU
	EndGlobalSection
	GlobalSection(ProjectConfigurationPlatforms) = postSolution
		{703572CE-5A7E-4B37-9F12-FF9A11483DE2}.AppVeyor|Any CPU.ActiveCfg = Release|Any CPU
		{703572CE-5A7E-4B37-9F12-FF9A11483DE2}.AppVeyor|Any CPU.Build.0 = Release|Any CPU
		{703572CE-5A7E-4B37-9F12-FF9A11483DE2}.Debug|Any CPU.ActiveCfg = Debug|Any CPU
		{703572CE-5A7E-4B37-9F12-FF9A11483DE2}.Debug|Any CPU.Build.0 = Debug|Any CPU
		{703572CE-5A7E-4B37-9F12-FF9A11483DE2}.Release|Any CPU.ActiveCfg = Release|Any CPU
		{703572CE-5A7E-4B37-9F12-FF9A11483DE2}.Release|Any CPU.Build.0 = Release|Any CPU
		{F079FB0A-A8ED-4216-B6A5-345756751A04}.AppVeyor|Any CPU.ActiveCfg = AppVeyor|Any CPU
		{F079FB0A-A8ED-4216-B6A5-345756751A04}.AppVeyor|Any CPU.Build.0 = AppVeyor|Any CPU
		{F079FB0A-A8ED-4216-B6A5-345756751A04}.Debug|Any CPU.ActiveCfg = Debug|Any CPU
		{F079FB0A-A8ED-4216-B6A5-345756751A04}.Debug|Any CPU.Build.0 = Debug|Any CPU
		{F079FB0A-A8ED-4216-B6A5-345756751A04}.Release|Any CPU.ActiveCfg = Release|Any CPU
		{F079FB0A-A8ED-4216-B6A5-345756751A04}.Release|Any CPU.Build.0 = Release|Any CPU
		{90B53209-C60C-4655-B28D-A1B3E1044BA3}.AppVeyor|Any CPU.ActiveCfg = AppVeyor|Any CPU
		{90B53209-C60C-4655-B28D-A1B3E1044BA3}.AppVeyor|Any CPU.Build.0 = AppVeyor|Any CPU
		{90B53209-C60C-4655-B28D-A1B3E1044BA3}.Debug|Any CPU.ActiveCfg = Debug|Any CPU
		{90B53209-C60C-4655-B28D-A1B3E1044BA3}.Debug|Any CPU.Build.0 = Debug|Any CPU
		{90B53209-C60C-4655-B28D-A1B3E1044BA3}.Release|Any CPU.ActiveCfg = Release|Any CPU
		{90B53209-C60C-4655-B28D-A1B3E1044BA3}.Release|Any CPU.Build.0 = Release|Any CPU
		{07DBADE7-6E0A-4431-A64A-DA7C204C724A}.AppVeyor|Any CPU.ActiveCfg = Release|Any CPU
		{07DBADE7-6E0A-4431-A64A-DA7C204C724A}.AppVeyor|Any CPU.Build.0 = Release|Any CPU
		{07DBADE7-6E0A-4431-A64A-DA7C204C724A}.Debug|Any CPU.ActiveCfg = Debug|Any CPU
		{07DBADE7-6E0A-4431-A64A-DA7C204C724A}.Debug|Any CPU.Build.0 = Debug|Any CPU
		{07DBADE7-6E0A-4431-A64A-DA7C204C724A}.Release|Any CPU.ActiveCfg = Release|Any CPU
		{07DBADE7-6E0A-4431-A64A-DA7C204C724A}.Release|Any CPU.Build.0 = Release|Any CPU
	EndGlobalSection
	GlobalSection(SolutionProperties) = preSolution
		HideSolutionNode = FALSE
	EndGlobalSection
EndGlobal
